{
  "name": "BuildFlow",
  "lockfileVersion": 3,
  "requires": true,
  "packages": {
    "": {
      "dependencies": {
        "@prisma/client": "^7.9.0"
      }
    },
    "node_modules/@prisma/client": {
      "version": "7.9.0",
      "resolved": "https://registry.npmjs.org/@prisma/client/-/client-7.9.0.tgz",
      "integrity": "sha512-BTG/mB+WL/1sD2gWwdNc2uuVJjNNBgCDlPFdjco6jJArgbg4IAChtzVeW4debFa/NKBbsGedCjET316sjllWTQ==",
      "license": "Apache-2.0",
      "dependencies": {
        "@prisma/client-runtime-utils": "7.9.0"
      },
      "engines": {
        "node": "^20.19 || ^22.12 || >=24.0"
      },
      "peerDependencies": {
        "prisma": "*",
        "typescript": ">=5.4.0"
      },
      "peerDependenciesMeta": {
        "prisma": {
          "optional": true
        },
        "typescript": {
          "optional": true
        }
      }
    },
    "node_modules/@prisma/client-runtime-utils": {
      "version": "7.9.0",
      "resolved": "https://registry.npmjs.org/@prisma/client-runtime-utils/-/client-runtime-utils-7.9.0.tgz",
      "integrity": "sha512-kMVmS4ZEy3xlkca+TfxOEm/ToVVlOS2x1Tc6/wIRf/HfczBqENtSPcKszy4ZpFNzjJ8SRKvlU5V0rrpoFw2KOg==",
      "license": "Apache-2.0"
    }
  }
}
